
Microsoft Visual Studio Solution File, Format Version 12.00
# Visual Studio 15
VisualStudioVersion = 15.0.27703.2042
MinimumVisualStudioVersion = 10.0.40219.1
Project("{FAE04EC0-301F-11D3-BF4B-00C04F79EFBC}") = "CSharpFundamentals", "CSharpFundamentals\CSharpFundamentals.csproj", "{6B217579-3AB5-4BDF-AC3B-F87EB8F99A3C}"
EndProject
Project("{2150E333-8FDC-42A3-9474-1A3956D46DE8}") = "Solution Items", "Solution Items", "{B29670D8-B4FF-4BAB-B8D9-9172DC745EBE}"
EndProject
Project("{FAE04EC0-301F-11D3-BF4B-00C04F79EFBC}") = "HelloWorld", "HelloWorld\HelloWorld.csproj", "{743F8415-FC54-4158-AD18-0544E3435AAF}"
EndProject
Project("{FAE04EC0-301F-11D3-BF4B-00C04F79EFBC}") = "Variables", "Variables\Variables.csproj", "{3429817E-146E-439B-B9E8-4C6BE5396D6E}"
EndProject
Project("{FAE04EC0-301F-11D3-BF4B-00C04F79EFBC}") = "TypeConversion", "TypeConversion\TypeConversion.csproj", "{590595D2-FD9A-4D7D-A674-946265D3B8F8}"
EndProject
Project("{FAE04EC0-301F-11D3-BF4B-00C04F79EFBC}") = "Operators", "Operators\Operators.csproj", "{491CF1FF-1DFC-4D24-BBFF-4C0CF5893866}"
EndProject
Project("{FAE04EC0-301F-11D3-BF4B-00C04F79EFBC}") = "EnumDemo", "EnumDemo\EnumDemo.csproj", "{2CCC66A8-7638-4B47-A916-2750EDE329C6}"
EndProject
Project("{FAE04EC0-301F-11D3-BF4B-00C04F79EFBC}") = "ReferenceTypes", "ReferenceTypes\ReferenceTypes.csproj", "{6E83EB32-C0E9-41BB-8C42-82B7BAA07EC9}"
EndProject
Project("{FAE04EC0-301F-11D3-BF4B-00C04F79EFBC}") = "Conditionals", "Conditionals\Conditionals.csproj", "{6E696FD1-9B89-4D8B-9067-4B97C5CA9C2F}"
EndProject
Project("{FAE04EC0-301F-11D3-BF4B-00C04F79EFBC}") = "Exercises1", "Exercises1\Exercises1.csproj", "{0B3010EA-5846-408A-A3E4-3B4105CFE92B}"
EndProject
Project("{FAE04EC0-301F-11D3-BF4B-00C04F79EFBC}") = "Iterations", "Iterations\Iterations.csproj", "{24056291-6CEB-4886-B10B-A04500CE4A18}"
EndProject
Project("{FAE04EC0-301F-11D3-BF4B-00C04F79EFBC}") = "RandomNumbers", "RandomNumbers\RandomNumbers.csproj", "{5CEEA6A7-8E76-454E-9409-9446CFAB13C2}"
EndProject
Project("{FAE04EC0-301F-11D3-BF4B-00C04F79EFBC}") = "Exercises2", "Exercises2\Exercises2.csproj", "{0109A859-0D66-4263-B156-E8D5FB23E457}"
EndProject
Project("{FAE04EC0-301F-11D3-BF4B-00C04F79EFBC}") = "ArraysDemo", "ArraysDemo\ArraysDemo.csproj", "{0DB98AA5-39B8-4BE1-A4D1-58BA6AA36C88}"
EndProject
Project("{FAE04EC0-301F-11D3-BF4B-00C04F79EFBC}") = "ListDemo", "ListDemo\ListDemo.csproj", "{EC5F372A-E45B-4966-8036-83DE6DA16F21}"
EndProject
Project("{FAE04EC0-301F-11D3-BF4B-00C04F79EFBC}") = "Exercises3", "Exercises3\Exercises3.csproj", "{887C98C4-57F1-452E-BC7D-4C4A4AA0A303}"
EndProject
Project("{FAE04EC0-301F-11D3-BF4B-00C04F79EFBC}") = "DateTimeDemo", "DateTimeDemo\DateTimeDemo.csproj", "{11578922-57BD-4D0B-A8AC-CFEA63F95BB9}"
EndProject
Project("{FAE04EC0-301F-11D3-BF4B-00C04F79EFBC}") = "TimeSpanDemo", "TimeSpanDemo\TimeSpanDemo.csproj", "{2ECC3292-657D-4BEB-95DE-2AD605AE7E4A}"
EndProject
Project("{FAE04EC0-301F-11D3-BF4B-00C04F79EFBC}") = "WorkingWithText", "WorkingWithText\WorkingWithText.csproj", "{DDB6D3AC-CBB3-45C1-AB66-D2DF5EAA6D67}"
EndProject
Project("{FAE04EC0-301F-11D3-BF4B-00C04F79EFBC}") = "SummarisingText", "SummarisingText\SummarisingText.csproj", "{203C1BA0-478C-4AE2-88AE-867034FFE963}"
EndProject
Project("{FAE04EC0-301F-11D3-BF4B-00C04F79EFBC}") = "StringBuilderDemo", "StringBuilderDemo\StringBuilderDemo.csproj", "{0E1AF3D0-66CB-44AE-9AB3-AFDBA92722AB}"
EndProject
Project("{FAE04EC0-301F-11D3-BF4B-00C04F79EFBC}") = "Exercises4", "Exercises4\Exercises4.csproj", "{4535C35F-0203-49A3-B000-C8C0B3BACB5A}"
EndProject
Project("{FAE04EC0-301F-11D3-BF4B-00C04F79EFBC}") = "FileDemo", "FileDemo\FileDemo.csproj", "{962C5BA0-73E1-4DFA-8A52-FAC776D076E3}"
EndProject
Project("{FAE04EC0-301F-11D3-BF4B-00C04F79EFBC}") = "Exercises5", "Exercises5\Exercises5.csproj", "{4D7F6660-1761-4545-8E2A-237E3074BAB0}"
EndProject
Project("{FAE04EC0-301F-11D3-BF4B-00C04F79EFBC}") = "AccessModifiers", "AccessModifiers\AccessModifiers.csproj", "{CF44CE19-15F1-4A73-9014-342CFF07EB85}"
EndProject
Project("{FAE04EC0-301F-11D3-BF4B-00C04F79EFBC}") = "Indexers", "Indexers\Indexers.csproj", "{EA0ADBFA-A9A2-4148-9C28-2217600F972C}"
EndProject
Project("{FAE04EC0-301F-11D3-BF4B-00C04F79EFBC}") = "Exercises6", "Exercises6\Exercises6.csproj", "{732C7EE1-5730-445F-BD4C-43D5F181CDEE}"
EndProject
Project("{FAE04EC0-301F-11D3-BF4B-00C04F79EFBC}") = "Inheritance", "Inheritance\Inheritance.csproj", "{9FA603B2-A8DE-4F3F-8C31-DE14FD6EBCA2}"
EndProject
Project("{FAE04EC0-301F-11D3-BF4B-00C04F79EFBC}") = "Composition", "Composition\Composition.csproj", "{051917AF-DCD9-4376-8934-BB09011E73D7}"
EndProject
Project("{FAE04EC0-301F-11D3-BF4B-00C04F79EFBC}") = "Casting", "Casting\Casting.csproj", "{F4028878-E575-497A-B294-B30030B11F64}"
EndProject
Project("{FAE04EC0-301F-11D3-BF4B-00C04F79EFBC}") = "WpfApp1", "WpfApp1\WpfApp1.csproj", "{76442A73-9445-4E07-B6E3-9E649278F7DC}"
EndProject
Project("{FAE04EC0-301F-11D3-BF4B-00C04F79EFBC}") = "Boxing", "Boxing\Boxing.csproj", "{4D59DAB9-EAB0-4655-BEB2-AC5B1585C079}"
EndProject
Project("{FAE04EC0-301F-11D3-BF4B-00C04F79EFBC}") = "Exercises7", "Exercises7\Exercises7.csproj", "{A43F8EDD-416A-487F-AE3B-1C84A9CCC4EB}"
EndProject
Project("{FAE04EC0-301F-11D3-BF4B-00C04F79EFBC}") = "Delegates", "Delegates\Delegates.csproj", "{13987A51-E6F1-49B4-8679-B973F4B02B1B}"
EndProject
Project("{FAE04EC0-301F-11D3-BF4B-00C04F79EFBC}") = "EventsAndDelegates", "EventsAndDelegates\EventsAndDelegates.csproj", "{7BA843FF-10A9-4C97-9021-FE00A3B1E08F}"
EndProject
Global
	GlobalSection(SolutionConfigurationPlatforms) = preSolution
		Debug|Any CPU = Debug|Any CPU
		Release|Any CPU = Release|Any CPU
	EndGlobalSection
	GlobalSection(ProjectConfigurationPlatforms) = postSolution
		{6B217579-3AB5-4BDF-AC3B-F87EB8F99A3C}.Debug|Any CPU.ActiveCfg = Debug|Any CPU
		{6B217579-3AB5-4BDF-AC3B-F87EB8F99A3C}.Debug|Any CPU.Build.0 = Debug|Any CPU
		{6B217579-3AB5-4BDF-AC3B-F87EB8F99A3C}.Release|Any CPU.ActiveCfg = Release|Any CPU
		{6B217579-3AB5-4BDF-AC3B-F87EB8F99A3C}.Release|Any CPU.Build.0 = Release|Any CPU
		{743F8415-FC54-4158-AD18-0544E3435AAF}.Debug|Any CPU.ActiveCfg = Debug|Any CPU
		{743F8415-FC54-4158-AD18-0544E3435AAF}.Debug|Any CPU.Build.0 = Debug|Any CPU
		{743F8415-FC54-4158-AD18-0544E3435AAF}.Release|Any CPU.ActiveCfg = Release|Any CPU
		{743F8415-FC54-4158-AD18-0544E3435AAF}.Release|Any CPU.Build.0 = Release|Any CPU
		{3429817E-146E-439B-B9E8-4C6BE5396D6E}.Debug|Any CPU.ActiveCfg = Debug|Any CPU
		{3429817E-146E-439B-B9E8-4C6BE5396D6E}.Debug|Any CPU.Build.0 = Debug|Any CPU
		{3429817E-146E-439B-B9E8-4C6BE5396D6E}.Release|Any CPU.ActiveCfg = Release|Any CPU
		{3429817E-146E-439B-B9E8-4C6BE5396D6E}.Release|Any CPU.Build.0 = Release|Any CPU
		{590595D2-FD9A-4D7D-A674-946265D3B8F8}.Debug|Any CPU.ActiveCfg = Debug|Any CPU
		{590595D2-FD9A-4D7D-A674-946265D3B8F8}.Debug|Any CPU.Build.0 = Debug|Any CPU
		{590595D2-FD9A-4D7D-A674-946265D3B8F8}.Release|Any CPU.ActiveCfg = Release|Any CPU
		{590595D2-FD9A-4D7D-A674-946265D3B8F8}.Release|Any CPU.Build.0 = Release|Any CPU
		{491CF1FF-1DFC-4D24-BBFF-4C0CF5893866}.Debug|Any CPU.ActiveCfg = Debug|Any CPU
		{491CF1FF-1DFC-4D24-BBFF-4C0CF5893866}.Debug|Any CPU.Build.0 = Debug|Any CPU
		{491CF1FF-1DFC-4D24-BBFF-4C0CF5893866}.Release|Any CPU.ActiveCfg = Release|Any CPU
		{491CF1FF-1DFC-4D24-BBFF-4C0CF5893866}.Release|Any CPU.Build.0 = Release|Any CPU
		{2CCC66A8-7638-4B47-A916-2750EDE329C6}.Debug|Any CPU.ActiveCfg = Debug|Any CPU
		{2CCC66A8-7638-4B47-A916-2750EDE329C6}.Debug|Any CPU.Build.0 = Debug|Any CPU
		{2CCC66A8-7638-4B47-A916-2750EDE329C6}.Release|Any CPU.ActiveCfg = Release|Any CPU
		{2CCC66A8-7638-4B47-A916-2750EDE329C6}.Release|Any CPU.Build.0 = Release|Any CPU
		{6E83EB32-C0E9-41BB-8C42-82B7BAA07EC9}.Debug|Any CPU.ActiveCfg = Debug|Any CPU
		{6E83EB32-C0E9-41BB-8C42-82B7BAA07EC9}.Debug|Any CPU.Build.0 = Debug|Any CPU
		{6E83EB32-C0E9-41BB-8C42-82B7BAA07EC9}.Release|Any CPU.ActiveCfg = Release|Any CPU
		{6E83EB32-C0E9-41BB-8C42-82B7BAA07EC9}.Release|Any CPU.Build.0 = Release|Any CPU
		{6E696FD1-9B89-4D8B-9067-4B97C5CA9C2F}.Debug|Any CPU.ActiveCfg = Debug|Any CPU
		{6E696FD1-9B89-4D8B-9067-4B97C5CA9C2F}.Debug|Any CPU.Build.0 = Debug|Any CPU
		{6E696FD1-9B89-4D8B-9067-4B97C5CA9C2F}.Release|Any CPU.ActiveCfg = Release|Any CPU
		{6E696FD1-9B89-4D8B-9067-4B97C5CA9C2F}.Release|Any CPU.Build.0 = Release|Any CPU
		{0B3010EA-5846-408A-A3E4-3B4105CFE92B}.Debug|Any CPU.ActiveCfg = Debug|Any CPU
		{0B3010EA-5846-408A-A3E4-3B4105CFE92B}.Debug|Any CPU.Build.0 = Debug|Any CPU
		{0B3010EA-5846-408A-A3E4-3B4105CFE92B}.Release|Any CPU.ActiveCfg = Release|Any CPU
		{0B3010EA-5846-408A-A3E4-3B4105CFE92B}.Release|Any CPU.Build.0 = Release|Any CPU
		{24056291-6CEB-4886-B10B-A04500CE4A18}.Debug|Any CPU.ActiveCfg = Debug|Any CPU
		{24056291-6CEB-4886-B10B-A04500CE4A18}.Debug|Any CPU.Build.0 = Debug|Any CPU
		{24056291-6CEB-4886-B10B-A04500CE4A18}.Release|Any CPU.ActiveCfg = Release|Any CPU
		{24056291-6CEB-4886-B10B-A04500CE4A18}.Release|Any CPU.Build.0 = Release|Any CPU
		{5CEEA6A7-8E76-454E-9409-9446CFAB13C2}.Debug|Any CPU.ActiveCfg = Debug|Any CPU
		{5CEEA6A7-8E76-454E-9409-9446CFAB13C2}.Debug|Any CPU.Build.0 = Debug|Any CPU
		{5CEEA6A7-8E76-454E-9409-9446CFAB13C2}.Release|Any CPU.ActiveCfg = Release|Any CPU
		{5CEEA6A7-8E76-454E-9409-9446CFAB13C2}.Release|Any CPU.Build.0 = Release|Any CPU
		{0109A859-0D66-4263-B156-E8D5FB23E457}.Debug|Any CPU.ActiveCfg = Debug|Any CPU
		{0109A859-0D66-4263-B156-E8D5FB23E457}.Debug|Any CPU.Build.0 = Debug|Any CPU
		{0109A859-0D66-4263-B156-E8D5FB23E457}.Release|Any CPU.ActiveCfg = Release|Any CPU
		{0109A859-0D66-4263-B156-E8D5FB23E457}.Release|Any CPU.Build.0 = Release|Any CPU
		{0DB98AA5-39B8-4BE1-A4D1-58BA6AA36C88}.Debug|Any CPU.ActiveCfg = Debug|Any CPU
		{0DB98AA5-39B8-4BE1-A4D1-58BA6AA36C88}.Debug|Any CPU.Build.0 = Debug|Any CPU
		{0DB98AA5-39B8-4BE1-A4D1-58BA6AA36C88}.Release|Any CPU.ActiveCfg = Release|Any CPU
		{0DB98AA5-39B8-4BE1-A4D1-58BA6AA36C88}.Release|Any CPU.Build.0 = Release|Any CPU
		{EC5F372A-E45B-4966-8036-83DE6DA16F21}.Debug|Any CPU.ActiveCfg = Debug|Any CPU
		{EC5F372A-E45B-4966-8036-83DE6DA16F21}.Debug|Any CPU.Build.0 = Debug|Any CPU
		{EC5F372A-E45B-4966-8036-83DE6DA16F21}.Release|Any CPU.ActiveCfg = Release|Any CPU
		{EC5F372A-E45B-4966-8036-83DE6DA16F21}.Release|Any CPU.Build.0 = Release|Any CPU
		{887C98C4-57F1-452E-BC7D-4C4A4AA0A303}.Debug|Any CPU.ActiveCfg = Debug|Any CPU
		{887C98C4-57F1-452E-BC7D-4C4A4AA0A303}.Debug|Any CPU.Build.0 = Debug|Any CPU
		{887C98C4-57F1-452E-BC7D-4C4A4AA0A303}.Release|Any CPU.ActiveCfg = Release|Any CPU
		{887C98C4-57F1-452E-BC7D-4C4A4AA0A303}.Release|Any CPU.Build.0 = Release|Any CPU
		{11578922-57BD-4D0B-A8AC-CFEA63F95BB9}.Debug|Any CPU.ActiveCfg = Debug|Any CPU
		{11578922-57BD-4D0B-A8AC-CFEA63F95BB9}.Debug|Any CPU.Build.0 = Debug|Any CPU
		{11578922-57BD-4D0B-A8AC-CFEA63F95BB9}.Release|Any CPU.ActiveCfg = Release|Any CPU
		{11578922-57BD-4D0B-A8AC-CFEA63F95BB9}.Release|Any CPU.Build.0 = Release|Any CPU
		{2ECC3292-657D-4BEB-95DE-2AD605AE7E4A}.Debug|Any CPU.ActiveCfg = Debug|Any CPU
		{2ECC3292-657D-4BEB-95DE-2AD605AE7E4A}.Debug|Any CPU.Build.0 = Debug|Any CPU
		{2ECC3292-657D-4BEB-95DE-2AD605AE7E4A}.Release|Any CPU.ActiveCfg = Release|Any CPU
		{2ECC3292-657D-4BEB-95DE-2AD605AE7E4A}.Release|Any CPU.Build.0 = Release|Any CPU
		{DDB6D3AC-CBB3-45C1-AB66-D2DF5EAA6D67}.Debug|Any CPU.ActiveCfg = Debug|Any CPU
		{DDB6D3AC-CBB3-45C1-AB66-D2DF5EAA6D67}.Debug|Any CPU.Build.0 = Debug|Any CPU
		{DDB6D3AC-CBB3-45C1-AB66-D2DF5EAA6D67}.Release|Any CPU.ActiveCfg = Release|Any CPU
		{DDB6D3AC-CBB3-45C1-AB66-D2DF5EAA6D67}.Release|Any CPU.Build.0 = Release|Any CPU
		{203C1BA0-478C-4AE2-88AE-867034FFE963}.Debug|Any CPU.ActiveCfg = Debug|Any CPU
		{203C1BA0-478C-4AE2-88AE-867034FFE963}.Debug|Any CPU.Build.0 = Debug|Any CPU
		{203C1BA0-478C-4AE2-88AE-867034FFE963}.Release|Any CPU.ActiveCfg = Release|Any CPU
		{203C1BA0-478C-4AE2-88AE-867034FFE963}.Release|Any CPU.Build.0 = Release|Any CPU
		{0E1AF3D0-66CB-44AE-9AB3-AFDBA92722AB}.Debug|Any CPU.ActiveCfg = Debug|Any CPU
		{0E1AF3D0-66CB-44AE-9AB3-AFDBA92722AB}.Debug|Any CPU.Build.0 = Debug|Any CPU
		{0E1AF3D0-66CB-44AE-9AB3-AFDBA92722AB}.Release|Any CPU.ActiveCfg = Release|Any CPU
		{0E1AF3D0-66CB-44AE-9AB3-AFDBA92722AB}.Release|Any CPU.Build.0 = Release|Any CPU
		{4535C35F-0203-49A3-B000-C8C0B3BACB5A}.Debug|Any CPU.ActiveCfg = Debug|Any CPU
		{4535C35F-0203-49A3-B000-C8C0B3BACB5A}.Debug|Any CPU.Build.0 = Debug|Any CPU
		{4535C35F-0203-49A3-B000-C8C0B3BACB5A}.Release|Any CPU.ActiveCfg = Release|Any CPU
		{4535C35F-0203-49A3-B000-C8C0B3BACB5A}.Release|Any CPU.Build.0 = Release|Any CPU
		{962C5BA0-73E1-4DFA-8A52-FAC776D076E3}.Debug|Any CPU.ActiveCfg = Debug|Any CPU
		{962C5BA0-73E1-4DFA-8A52-FAC776D076E3}.Debug|Any CPU.Build.0 = Debug|Any CPU
		{962C5BA0-73E1-4DFA-8A52-FAC776D076E3}.Release|Any CPU.ActiveCfg = Release|Any CPU
		{962C5BA0-73E1-4DFA-8A52-FAC776D076E3}.Release|Any CPU.Build.0 = Release|Any CPU
		{4D7F6660-1761-4545-8E2A-237E3074BAB0}.Debug|Any CPU.ActiveCfg = Debug|Any CPU
		{4D7F6660-1761-4545-8E2A-237E3074BAB0}.Debug|Any CPU.Build.0 = Debug|Any CPU
		{4D7F6660-1761-4545-8E2A-237E3074BAB0}.Release|Any CPU.ActiveCfg = Release|Any CPU
		{4D7F6660-1761-4545-8E2A-237E3074BAB0}.Release|Any CPU.Build.0 = Release|Any CPU
		{CF44CE19-15F1-4A73-9014-342CFF07EB85}.Debug|Any CPU.ActiveCfg = Debug|Any CPU
		{CF44CE19-15F1-4A73-9014-342CFF07EB85}.Debug|Any CPU.Build.0 = Debug|Any CPU
		{CF44CE19-15F1-4A73-9014-342CFF07EB85}.Release|Any CPU.ActiveCfg = Release|Any CPU
		{CF44CE19-15F1-4A73-9014-342CFF07EB85}.Release|Any CPU.Build.0 = Release|Any CPU
		{EA0ADBFA-A9A2-4148-9C28-2217600F972C}.Debug|Any CPU.ActiveCfg = Debug|Any CPU
		{EA0ADBFA-A9A2-4148-9C28-2217600F972C}.Debug|Any CPU.Build.0 = Debug|Any CPU
		{EA0ADBFA-A9A2-4148-9C28-2217600F972C}.Release|Any CPU.ActiveCfg = Release|Any CPU
		{EA0ADBFA-A9A2-4148-9C28-2217600F972C}.Release|Any CPU.Build.0 = Release|Any CPU
		{732C7EE1-5730-445F-BD4C-43D5F181CDEE}.Debug|Any CPU.ActiveCfg = Debug|Any CPU
		{732C7EE1-5730-445F-BD4C-43D5F181CDEE}.Debug|Any CPU.Build.0 = Debug|Any CPU
		{732C7EE1-5730-445F-BD4C-43D5F181CDEE}.Release|Any CPU.ActiveCfg = Release|Any CPU
		{732C7EE1-5730-445F-BD4C-43D5F181CDEE}.Release|Any CPU.Build.0 = Release|Any CPU
		{9FA603B2-A8DE-4F3F-8C31-DE14FD6EBCA2}.Debug|Any CPU.ActiveCfg = Debug|Any CPU
		{9FA603B2-A8DE-4F3F-8C31-DE14FD6EBCA2}.Debug|Any CPU.Build.0 = Debug|Any CPU
		{9FA603B2-A8DE-4F3F-8C31-DE14FD6EBCA2}.Release|Any CPU.ActiveCfg = Release|Any CPU
		{9FA603B2-A8DE-4F3F-8C31-DE14FD6EBCA2}.Release|Any CPU.Build.0 = Release|Any CPU
		{051917AF-DCD9-4376-8934-BB09011E73D7}.Debug|Any CPU.ActiveCfg = Debug|Any CPU
		{051917AF-DCD9-4376-8934-BB09011E73D7}.Debug|Any CPU.Build.0 = Debug|Any CPU
		{051917AF-DCD9-4376-8934-BB09011E73D7}.Release|Any CPU.ActiveCfg = Release|Any CPU
		{051917AF-DCD9-4376-8934-BB09011E73D7}.Release|Any CPU.Build.0 = Release|Any CPU
		{F4028878-E575-497A-B294-B30030B11F64}.Debug|Any CPU.ActiveCfg = Debug|Any CPU
		{F4028878-E575-497A-B294-B30030B11F64}.Debug|Any CPU.Build.0 = Debug|Any CPU
		{F4028878-E575-497A-B294-B30030B11F64}.Release|Any CPU.ActiveCfg = Release|Any CPU
		{F4028878-E575-497A-B294-B30030B11F64}.Release|Any CPU.Build.0 = Release|Any CPU
		{76442A73-9445-4E07-B6E3-9E649278F7DC}.Debug|Any CPU.ActiveCfg = Debug|Any CPU
		{76442A73-9445-4E07-B6E3-9E649278F7DC}.Debug|Any CPU.Build.0 = Debug|Any CPU
		{76442A73-9445-4E07-B6E3-9E649278F7DC}.Release|Any CPU.ActiveCfg = Release|Any CPU
		{76442A73-9445-4E07-B6E3-9E649278F7DC}.Release|Any CPU.Build.0 = Release|Any CPU
		{4D59DAB9-EAB0-4655-BEB2-AC5B1585C079}.Debug|Any CPU.ActiveCfg = Debug|Any CPU
		{4D59DAB9-EAB0-4655-BEB2-AC5B1585C079}.Debug|Any CPU.Build.0 = Debug|Any CPU
		{4D59DAB9-EAB0-4655-BEB2-AC5B1585C079}.Release|Any CPU.ActiveCfg = Release|Any CPU
		{4D59DAB9-EAB0-4655-BEB2-AC5B1585C079}.Release|Any CPU.Build.0 = Release|Any CPU
		{A43F8EDD-416A-487F-AE3B-1C84A9CCC4EB}.Debug|Any CPU.ActiveCfg = Debug|Any CPU
		{A43F8EDD-416A-487F-AE3B-1C84A9CCC4EB}.Debug|Any CPU.Build.0 = Debug|Any CPU
		{A43F8EDD-416A-487F-AE3B-1C84A9CCC4EB}.Release|Any CPU.ActiveCfg = Release|Any CPU
		{A43F8EDD-416A-487F-AE3B-1C84A9CCC4EB}.Release|Any CPU.Build.0 = Release|Any CPU
		{13987A51-E6F1-49B4-8679-B973F4B02B1B}.Debug|Any CPU.ActiveCfg = Debug|Any CPU
		{13987A51-E6F1-49B4-8679-B973F4B02B1B}.Debug|Any CPU.Build.0 = Debug|Any CPU
		{13987A51-E6F1-49B4-8679-B973F4B02B1B}.Release|Any CPU.ActiveCfg = Release|Any CPU
		{13987A51-E6F1-49B4-8679-B973F4B02B1B}.Release|Any CPU.Build.0 = Release|Any CPU
		{7BA843FF-10A9-4C97-9021-FE00A3B1E08F}.Debug|Any CPU.ActiveCfg = Debug|Any CPU
		{7BA843FF-10A9-4C97-9021-FE00A3B1E08F}.Debug|Any CPU.Build.0 = Debug|Any CPU
		{7BA843FF-10A9-4C97-9021-FE00A3B1E08F}.Release|Any CPU.ActiveCfg = Release|Any CPU
		{7BA843FF-10A9-4C97-9021-FE00A3B1E08F}.Release|Any CPU.Build.0 = Release|Any CPU
	EndGlobalSection
	GlobalSection(SolutionProperties) = preSolution
		HideSolutionNode = FALSE
	EndGlobalSection
	GlobalSection(ExtensibilityGlobals) = postSolution
		SolutionGuid = {FA200520-D5BF-419A-95B7-298E5969494E}
	EndGlobalSection
EndGlobal
